
Microsoft Visual Studio Solution File, Format Version 12.00
# Visual Studio Version 17
VisualStudioVersion = 17.5.33516.290
MinimumVisualStudioVersion = 10.0.40219.1
Project("{9A19103F-16F7-4668-BE54-9A1E7A4F7556}") = "TestApp.Core", "TestApp.Core\TestApp.Core.csproj", "{FD2D5011-2DC2-4E7A-A8AA-AC898E733CA6}"
EndProject
Project("{9A19103F-16F7-4668-BE54-9A1E7A4F7556}") = "TestApp.Api", "TestApp.Api\TestApp.Api.csproj", "{7B2A4761-C047-4B4A-8DBF-75D01ADFF0B4}"
EndProject
Project("{9A19103F-16F7-4668-BE54-9A1E7A4F7556}") = "TestApp.Contracts", "TestApp.Contracts\TestApp.Contracts.csproj", "{155531CA-D228-4769-A7D2-216DBF15A10F}"
EndProject
Project("{FAE04EC0-301F-11D3-BF4B-00C04F79EFBC}") = "TestApp.Blazor", "TestApp.Blazor\TestApp.Blazor.csproj", "{EE2CA2CF-5FA9-47B6-B70B-F11970F3CDB2}"
EndProject
Global
	GlobalSection(SolutionConfigurationPlatforms) = preSolution
		Debug|Any CPU = Debug|Any CPU
		Release|Any CPU = Release|Any CPU
	EndGlobalSection
	GlobalSection(ProjectConfigurationPlatforms) = postSolution
		{FD2D5011-2DC2-4E7A-A8AA-AC898E733CA6}.Debug|Any CPU.ActiveCfg = Debug|Any CPU
		{FD2D5011-2DC2-4E7A-A8AA-AC898E733CA6}.Debug|Any CPU.Build.0 = Debug|Any CPU
		{FD2D5011-2DC2-4E7A-A8AA-AC898E733CA6}.Release|Any CPU.ActiveCfg = Release|Any CPU
		{FD2D5011-2DC2-4E7A-A8AA-AC898E733CA6}.Release|Any CPU.Build.0 = Release|Any CPU
		{7B2A4761-C047-4B4A-8DBF-75D01ADFF0B4}.Debug|Any CPU.ActiveCfg = Debug|Any CPU
		{7B2A4761-C047-4B4A-8DBF-75D01ADFF0B4}.Debug|Any CPU.Build.0 = Debug|Any CPU
		{7B2A4761-C047-4B4A-8DBF-75D01ADFF0B4}.Release|Any CPU.ActiveCfg = Release|Any CPU
		{7B2A4761-C047-4B4A-8DBF-75D01ADFF0B4}.Release|Any CPU.Build.0 = Release|Any CPU
		{155531CA-D228-4769-A7D2-216DBF15A10F}.Debug|Any CPU.ActiveCfg = Debug|Any CPU
		{155531CA-D228-4769-A7D2-216DBF15A10F}.Debug|Any CPU.Build.0 = Debug|Any CPU
		{155531CA-D228-4769-A7D2-216DBF15A10F}.Release|Any CPU.ActiveCfg = Release|Any CPU
		{155531CA-D228-4769-A7D2-216DBF15A10F}.Release|Any CPU.Build.0 = Release|Any CPU
		{EE2CA2CF-5FA9-47B6-B70B-F11970F3CDB2}.Debug|Any CPU.ActiveCfg = Debug|Any CPU
		{EE2CA2CF-5FA9-47B6-B70B-F11970F3CDB2}.Debug|Any CPU.Build.0 = Debug|Any CPU
		{EE2CA2CF-5FA9-47B6-B70B-F11970F3CDB2}.Release|Any CPU.ActiveCfg = Release|Any CPU
		{EE2CA2CF-5FA9-47B6-B70B-F11970F3CDB2}.Release|Any CPU.Build.0 = Release|Any CPU
	EndGlobalSection
	GlobalSection(SolutionProperties) = preSolution
		HideSolutionNode = FALSE
	EndGlobalSection
	GlobalSection(ExtensibilityGlobals) = postSolution
		SolutionGuid = {84BE8ABE-A64B-4D20-B469-42C613D5280F}
	EndGlobalSection
EndGlobal
